
Microsoft Visual Studio Solution File, Format Version 12.00
# Visual Studio 15
VisualStudioVersion = 15.0.27428.2037
MinimumVisualStudioVersion = 10.0.40219.1
Project("{FAE04EC0-301F-11D3-BF4B-00C04F79EFBC}") = "INchangCal_Android", "INchangCal_Android\INchangCal_Android.csproj", "{8E5F116E-FAFF-4B7B-BDB3-3EBD9098A008}"
EndProject
Global
	GlobalSection(SolutionConfigurationPlatforms) = preSolution
		Debug|Any CPU = Debug|Any CPU
		Release|Any CPU = Release|Any CPU
	EndGlobalSection
	GlobalSection(ProjectConfigurationPlatforms) = postSolution
		{8E5F116E-FAFF-4B7B-BDB3-3EBD9098A008}.Debug|Any CPU.ActiveCfg = Debug|Any CPU
		{8E5F116E-FAFF-4B7B-BDB3-3EBD9098A008}.Debug|Any CPU.Build.0 = Debug|Any CPU
		{8E5F116E-FAFF-4B7B-BDB3-3EBD9098A008}.Debug|Any CPU.Deploy.0 = Debug|Any CPU
		{8E5F116E-FAFF-4B7B-BDB3-3EBD9098A008}.Release|Any CPU.ActiveCfg = Release|Any CPU
		{8E5F116E-FAFF-4B7B-BDB3-3EBD9098A008}.Release|Any CPU.Build.0 = Release|Any CPU
		{8E5F116E-FAFF-4B7B-BDB3-3EBD9098A008}.Release|Any CPU.Deploy.0 = Release|Any CPU
	EndGlobalSection
	GlobalSection(SolutionProperties) = preSolution
		HideSolutionNode = FALSE
	EndGlobalSection
	GlobalSection(ExtensibilityGlobals) = postSolution
		SolutionGuid = {60622C14-951E-4530-9B18-F09755EB0AD6}
	EndGlobalSection
EndGlobal
